// !$*UTF8*$!
{
	archiveVersion = 1;
	classes = {
	};
	objectVersion = 50;
	objects = {

/* Begin PBXBuildFile section */
		0413C1FE24361AAC00B3DE86 /* SwifteriOS.framework in Frameworks */ = {isa = PBXBuildFile; fileRef = 0413C1F4243619CB00B3DE86 /* SwifteriOS.framework */; };
		0413C1FF24361AAC00B3DE86 /* SwifteriOS.framework in Embed Frameworks */ = {isa = PBXBuildFile; fileRef = 0413C1F4243619CB00B3DE86 /* SwifteriOS.framework */; settings = {ATTRIBUTES = (CodeSignOnCopy, RemoveHeadersOnCopy, ); }; };
		045F472524343A47008D39B8 /* AppDelegate.swift in Sources */ = {isa = PBXBuildFile; fileRef = 045F472424343A47008D39B8 /* AppDelegate.swift */; };
		045F472724343A47008D39B8 /* SceneDelegate.swift in Sources */ = {isa = PBXBuildFile; fileRef = 045F472624343A47008D39B8 /* SceneDelegate.swift */; };
		045F472924343A47008D39B8 /* ViewController.swift in Sources */ = {isa = PBXBuildFile; fileRef = 045F472824343A47008D39B8 /* ViewController.swift */; };
		045F472C24343A47008D39B8 /* Main.storyboard in Resources */ = {isa = PBXBuildFile; fileRef = 045F472A24343A47008D39B8 /* Main.storyboard */; };
		045F472E24343A4F008D39B8 /* Assets.xcassets in Resources */ = {isa = PBXBuildFile; fileRef = 045F472D24343A4F008D39B8 /* Assets.xcassets */; };
		045F473124343A4F008D39B8 /* LaunchScreen.storyboard in Resources */ = {isa = PBXBuildFile; fileRef = 045F472F24343A4F008D39B8 /* LaunchScreen.storyboard */; };
		04D94EC324345062008A93C1 /* TweetSentimentClasifier.mlmodel in Sources */ = {isa = PBXBuildFile; fileRef = 04D94EC224345062008A93C1 /* TweetSentimentClasifier.mlmodel */; };
/* End PBXBuildFile section */

/* Begin PBXContainerItemProxy section */
		0413C1F3243619CB00B3DE86 /* PBXContainerItemProxy */ = {
			isa = PBXContainerItemProxy;
			containerPortal = 0413C1EB243619CB00B3DE86 /* Swifter.xcodeproj */;
			proxyType = 2;
			remoteGlobalIDString = 8B9F50EE1944A5AB00894629;
			remoteInfo = SwifteriOS;
		};
		0413C1F5243619CB00B3DE86 /* PBXContainerItemProxy */ = {
			isa = PBXContainerItemProxy;
			containerPortal = 0413C1EB243619CB00B3DE86 /* Swifter.xcodeproj */;
			proxyType = 2;
			remoteGlobalIDString = 8B9F51131944A61D00894629;
			remoteInfo = SwifterMac;
		};
		0413C1F7243619CB00B3DE86 /* PBXContainerItemProxy */ = {
			isa = PBXContainerItemProxy;
			containerPortal = 0413C1EB243619CB00B3DE86 /* Swifter.xcodeproj */;
			proxyType = 2;
			remoteGlobalIDString = 8B300C1F1944AA1A00993175;
			remoteInfo = SwifterDemoiOS;
		};
		0413C1F9243619CB00B3DE86 /* PBXContainerItemProxy */ = {
			isa = PBXContainerItemProxy;
			containerPortal = 0413C1EB243619CB00B3DE86 /* Swifter.xcodeproj */;
			proxyType = 2;
			remoteGlobalIDString = 8B300C471944AECB00993175;
			remoteInfo = SwifterDemoMac;
		};
		0413C1FB243619CB00B3DE86 /* PBXContainerItemProxy */ = {
			isa = PBXContainerItemProxy;
			containerPortal = 0413C1EB243619CB00B3DE86 /* Swifter.xcodeproj */;
			proxyType = 2;
			remoteGlobalIDString = F6B4D5751C7BAC4500E06514;
			remoteInfo = SwifterTests;
		};
/* End PBXContainerItemProxy section */

/* Begin PBXCopyFilesBuildPhase section */
		0413C20024361AAC00B3DE86 /* Embed Frameworks */ = {
			isa = PBXCopyFilesBuildPhase;
			buildActionMask = 2147483647;
			dstPath = "";
			dstSubfolderSpec = 10;
			files = (
				0413C1FF24361AAC00B3DE86 /* SwifteriOS.framework in Embed Frameworks */,
			);
			name = "Embed Frameworks";
			runOnlyForDeploymentPostprocessing = 0;
		};
/* End PBXCopyFilesBuildPhase section */

/* Begin PBXFileReference section */
		0413C1EB243619CB00B3DE86 /* Swifter.xcodeproj */ = {isa = PBXFileReference; lastKnownFileType = "wrapper.pb-project"; name = Swifter.xcodeproj; path = ../../Resources/Swifter/Swifter.xcodeproj; sourceTree = "<group>"; };
		045F472124343A47008D39B8 /* Twittermenti.app */ = {isa = PBXFileReference; explicitFileType = wrapper.application; includeInIndex = 0; path = Twittermenti.app; sourceTree = BUILT_PRODUCTS_DIR; };
		045F472424343A47008D39B8 /* AppDelegate.swift */ = {isa = PBXFileReference; lastKnownFileType = sourcecode.swift; path = AppDelegate.swift; sourceTree = "<group>"; };
		045F472624343A47008D39B8 /* SceneDelegate.swift */ = {isa = PBXFileReference; lastKnownFileType = sourcecode.swift; path = SceneDelegate.swift; sourceTree = "<group>"; };
		045F472824343A47008D39B8 /* ViewController.swift */ = {isa = PBXFileReference; lastKnownFileType = sourcecode.swift; path = ViewController.swift; sourceTree = "<group>"; };
		045F472B24343A47008D39B8 /* Base */ = {isa = PBXFileReference; lastKnownFileType = file.storyboard; name = Base; path = Base.lproj/Main.storyboard; sourceTree = "<group>"; };
		045F472D24343A4F008D39B8 /* Assets.xcassets */ = {isa = PBXFileReference; lastKnownFileType = folder.assetcatalog; path = Assets.xcassets; sourceTree = "<group>"; };
		045F473024343A4F008D39B8 /* Base */ = {isa = PBXFileReference; lastKnownFileType = file.storyboard; name = Base; path = Base.lproj/LaunchScreen.storyboard; sourceTree = "<group>"; };
		045F473224343A4F008D39B8 /* Info.plist */ = {isa = PBXFileReference; lastKnownFileType = text.plist.xml; path = Info.plist; sourceTree = "<group>"; };
		04D94EC224345062008A93C1 /* TweetSentimentClasifier.mlmodel */ = {isa = PBXFileReference; lastKnownFileType = file.mlmodel; path = TweetSentimentClasifier.mlmodel; sourceTree = "<group>"; };
/* End PBXFileReference section */

/* Begin PBXFrameworksBuildPhase section */
		045F471E24343A46008D39B8 /* Frameworks */ = {
			isa = PBXFrameworksBuildPhase;
			buildActionMask = 2147483647;
			files = (
				0413C1FE24361AAC00B3DE86 /* SwifteriOS.framework in Frameworks */,
			);
			runOnlyForDeploymentPostprocessing = 0;
		};
/* End PBXFrameworksBuildPhase section */

/* Begin PBXGroup section */
		0413C1EC243619CB00B3DE86 /* Products */ = {
			isa = PBXGroup;
			children = (
				0413C1F4243619CB00B3DE86 /* SwifteriOS.framework */,
				0413C1F6243619CB00B3DE86 /* SwifterMac.framework */,
				0413C1F8243619CB00B3DE86 /* SwifterDemoiOS.app */,
				0413C1FA243619CB00B3DE86 /* SwifterDemoMac.app */,
				0413C1FC243619CB00B3DE86 /* SwifterTests.xctest */,
			);
			name = Products;
			sourceTree = "<group>";
		};
		0413C1FD24361AAC00B3DE86 /* Frameworks */ = {
			isa = PBXGroup;
			children = (
			);
			name = Frameworks;
			sourceTree = "<group>";
		};
		045F471824343A46008D39B8 = {
			isa = PBXGroup;
			children = (
				0413C1EB243619CB00B3DE86 /* Swifter.xcodeproj */,
				045F472324343A47008D39B8 /* Twittermenti */,
				045F472224343A47008D39B8 /* Products */,
				0413C1FD24361AAC00B3DE86 /* Frameworks */,
			);
			sourceTree = "<group>";
		};
		045F472224343A47008D39B8 /* Products */ = {
			isa = PBXGroup;
			children = (
				045F472124343A47008D39B8 /* Twittermenti.app */,
			);
			name = Products;
			sourceTree = "<group>";
		};
		045F472324343A47008D39B8 /* Twittermenti */ = {
			isa = PBXGroup;
			children = (
				045F473A24343A7B008D39B8 /* Resources */,
				045F473924343A6E008D39B8 /* View Controllers */,
				045F473824343A63008D39B8 /* Views */,
				045F472D24343A4F008D39B8 /* Assets.xcassets */,
				04D94EC224345062008A93C1 /* TweetSentimentClasifier.mlmodel */,
				045F472F24343A4F008D39B8 /* LaunchScreen.storyboard */,
				045F473224343A4F008D39B8 /* Info.plist */,
			);
			path = Twittermenti;
			sourceTree = "<group>";
		};
		045F473824343A63008D39B8 /* Views */ = {
			isa = PBXGroup;
			children = (
				045F472A24343A47008D39B8 /* Main.storyboard */,
			);
			path = Views;
			sourceTree = "<group>";
		};
		045F473924343A6E008D39B8 /* View Controllers */ = {
			isa = PBXGroup;
			children = (
				045F472824343A47008D39B8 /* ViewController.swift */,
			);
			path = "View Controllers";
			sourceTree = "<group>";
		};
		045F473A24343A7B008D39B8 /* Resources */ = {
			isa = PBXGroup;
			children = (
				045F472424343A47008D39B8 /* AppDelegate.swift */,
				045F472624343A47008D39B8 /* SceneDelegate.swift */,
			);
			path = Resources;
			sourceTree = "<group>";
		};
/* End PBXGroup section */

/* Begin PBXNativeTarget section */
		045F472024343A46008D39B8 /* Twittermenti */ = {
			isa = PBXNativeTarget;
			buildConfigurationList = 045F473524343A4F008D39B8 /* Build configuration list for PBXNativeTarget "Twittermenti" */;
			buildPhases = (
				045F471D24343A46008D39B8 /* Sources */,
				045F471E24343A46008D39B8 /* Frameworks */,
				045F471F24343A46008D39B8 /* Resources */,
				0413C20024361AAC00B3DE86 /* Embed Frameworks */,
			);
			buildRules = (
			);
			dependencies = (
			);
			name = Twittermenti;
			productName = Twittermenti;
			productReference = 045F472124343A47008D39B8 /* Twittermenti.app */;
			productType = "com.apple.product-type.application";
		};
/* End PBXNativeTarget section */

/* Begin PBXProject section */
		045F471924343A46008D39B8 /* Project object */ = {
			isa = PBXProject;
			attributes = {
				LastSwiftUpdateCheck = 1140;
				LastUpgradeCheck = 1140;
				ORGANIZATIONNAME = "FGT MAC";
				TargetAttributes = {
					045F472024343A46008D39B8 = {
						CreatedOnToolsVersion = 11.4;
					};
				};
			};
			buildConfigurationList = 045F471C24343A46008D39B8 /* Build configuration list for PBXProject "Twittermenti" */;
			compatibilityVersion = "Xcode 9.3";
			developmentRegion = en;
			hasScannedForEncodings = 0;
			knownRegions = (
				en,
				Base,
			);
			mainGroup = 045F471824343A46008D39B8;
			productRefGroup = 045F472224343A47008D39B8 /* Products */;
			projectDirPath = "";
			projectReferences = (
				{
					ProductGroup = 0413C1EC243619CB00B3DE86 /* Products */;
					ProjectRef = 0413C1EB243619CB00B3DE86 /* Swifter.xcodeproj */;
				},
			);
			projectRoot = "";
			targets = (
				045F472024343A46008D39B8 /* Twittermenti */,
			);
		};
/* End PBXProject section */

/* Begin PBXReferenceProxy section */
		0413C1F4243619CB00B3DE86 /* SwifteriOS.framework */ = {
			isa = PBXReferenceProxy;
			fileType = wrapper.framework;
			path = SwifteriOS.framework;
			remoteRef = 0413C1F3243619CB00B3DE86 /* PBXContainerItemProxy */;
			sourceTree = BUILT_PRODUCTS_DIR;
		};
		0413C1F6243619CB00B3DE86 /* SwifterMac.framework */ = {
			isa = PBXReferenceProxy;
			fileType = wrapper.framework;
			path = SwifterMac.framework;
			remoteRef = 0413C1F5243619CB00B3DE86 /* PBXContainerItemProxy */;
			sourceTree = BUILT_PRODUCTS_DIR;
		};
		0413C1F8243619CB00B3DE86 /* SwifterDemoiOS.app */ = {
			isa = PBXReferenceProxy;
			fileType = wrapper.application;
			path = SwifterDemoiOS.app;
			remoteRef = 0413C1F7243619CB00B3DE86 /* PBXContainerItemProxy */;
			sourceTree = BUILT_PRODUCTS_DIR;
		};
		0413C1FA243619CB00B3DE86 /* SwifterDemoMac.app */ = {
			isa = PBXReferenceProxy;
			fileType = wrapper.application;
			path = SwifterDemoMac.app;
			remoteRef = 0413C1F9243619CB00B3DE86 /* PBXContainerItemProxy */;
			sourceTree = BUILT_PRODUCTS_DIR;
		};
		0413C1FC243619CB00B3DE86 /* SwifterTests.xctest */ = {
			isa = PBXReferenceProxy;
			fileType = wrapper.cfbundle;
			path = SwifterTests.xctest;
			remoteRef = 0413C1FB243619CB00B3DE86 /* PBXContainerItemProxy */;
			sourceTree = BUILT_PRODUCTS_DIR;
		};
/* End PBXReferenceProxy section */

/* Begin PBXResourcesBuildPhase section */
		045F471F24343A46008D39B8 /* Resources */ = {
			isa = PBXResourcesBuildPhase;
			buildActionMask = 2147483647;
			files = (
				045F473124343A4F008D39B8 /* LaunchScreen.storyboard in Resources */,
				045F472E24343A4F008D39B8 /* Assets.xcassets in Resources */,
				045F472C24343A47008D39B8 /* Main.storyboard in Resources */,
			);
			runOnlyForDeploymentPostprocessing = 0;
		};
/* End PBXResourcesBuildPhase section */

/* Begin PBXSourcesBuildPhase section */
		045F471D24343A46008D39B8 /* Sources */ = {
			isa = PBXSourcesBuildPhase;
			buildActionMask = 2147483647;
			files = (
				045F472924343A47008D39B8 /* ViewController.swift in Sources */,
				04D94EC324345062008A93C1 /* TweetSentimentClasifier.mlmodel in Sources */,
				045F472524343A47008D39B8 /* AppDelegate.swift in Sources */,
				045F472724343A47008D39B8 /* SceneDelegate.swift in Sources */,
			);
			runOnlyForDeploymentPostprocessing = 0;
		};
/* End PBXSourcesBuildPhase section */

/* Begin PBXVariantGroup section */
		045F472A24343A47008D39B8 /* Main.storyboard */ = {
			isa = PBXVariantGroup;
			children = (
				045F472B24343A47008D39B8 /* Base */,
			);
			name = Main.storyboard;
			sourceTree = "<group>";
		};
		045F472F24343A4F008D39B8 /* LaunchScreen.storyboard */ = {
			isa = PBXVariantGroup;
			children = (
				045F473024343A4F008D39B8 /* Base */,
			);
			name = LaunchScreen.storyboard;
			sourceTree = "<group>";
		};
/* End PBXVariantGroup section */

/* Begin XCBuildConfiguration section */
		045F473324343A4F008D39B8 /* Debug */ = {
			isa = XCBuildConfiguration;
			buildSettings = {
				ALWAYS_SEARCH_USER_PATHS = NO;
				CLANG_ANALYZER_NONNULL = YES;
				CLANG_ANALYZER_NUMBER_OBJECT_CONVERSION = YES_AGGRESSIVE;
				CLANG_CXX_LANGUAGE_STANDARD = "gnu++14";
				CLANG_CXX_LIBRARY = "libc++";
				CLANG_ENABLE_MODULES = YES;
				CLANG_ENABLE_OBJC_ARC = YES;
				CLANG_ENABLE_OBJC_WEAK = YES;
				CLANG_WARN_BLOCK_CAPTURE_AUTORELEASING = YES;
				CLANG_WARN_BOOL_CONVERSION = YES;
				CLANG_WARN_COMMA = YES;
				CLANG_WARN_CONSTANT_CONVERSION = YES;
				CLANG_WARN_DEPRECATED_OBJC_IMPLEMENTATIONS = YES;
				CLANG_WARN_DIRECT_OBJC_ISA_USAGE = YES_ERROR;
				CLANG_WARN_DOCUMENTATION_COMMENTS = YES;
				CLANG_WARN_EMPTY_BODY = YES;
				CLANG_WARN_ENUM_CONVERSION = YES;
				CLANG_WARN_INFINITE_RECURSION = YES;
				CLANG_WARN_INT_CONVERSION = YES;
				CLANG_WARN_NON_LITERAL_NULL_CONVERSION = YES;
				CLANG_WARN_OBJC_IMPLICIT_RETAIN_SELF = YES;
				CLANG_WARN_OBJC_LITERAL_CONVERSION = YES;
				CLANG_WARN_OBJC_ROOT_CLASS = YES_ERROR;
				CLANG_WARN_RANGE_LOOP_ANALYSIS = YES;
				CLANG_WARN_STRICT_PROTOTYPES = YES;
				CLANG_WARN_SUSPICIOUS_MOVE = YES;
				CLANG_WARN_UNGUARDED_AVAILABILITY = YES_AGGRESSIVE;
				CLANG_WARN_UNREACHABLE_CODE = YES;
				CLANG_WARN__DUPLICATE_METHOD_MATCH = YES;
				COPY_PHASE_STRIP = NO;
				DEBUG_INFORMATION_FORMAT = dwarf;
				ENABLE_STRICT_OBJC_MSGSEND = YES;
				ENABLE_TESTABILITY = YES;
				GCC_C_LANGUAGE_STANDARD = gnu11;
				GCC_DYNAMIC_NO_PIC = NO;
				GCC_NO_COMMON_BLOCKS = YES;
				GCC_OPTIMIZATION_LEVEL = 0;
				GCC_PREPROCESSOR_DEFINITIONS = (
					"DEBUG=1",
					"$(inherited)",
				);
				GCC_WARN_64_TO_32_BIT_CONVERSION = YES;
				GCC_WARN_ABOUT_RETURN_TYPE = YES_ERROR;
				GCC_WARN_UNDECLARED_SELECTOR = YES;
				GCC_WARN_UNINITIALIZED_AUTOS = YES_AGGRESSIVE;
				GCC_WARN_UNUSED_FUNCTION = YES;
				GCC_WARN_UNUSED_VARIABLE = YES;
				IPHONEOS_DEPLOYMENT_TARGET = 13.4;
				MTL_ENABLE_DEBUG_INFO = INCLUDE_SOURCE;
				MTL_FAST_MATH = YES;
				ONLY_ACTIVE_ARCH = YES;
				SDKROOT = iphoneos;
				SWIFT_ACTIVE_COMPILATION_CONDITIONS = DEBUG;
				SWIFT_OPTIMIZATION_LEVEL = "-Onone";
			};
			name = Debug;
		};
		045F473424343A4F008D39B8 /* Release */ = {
			isa = XCBuildConfiguration;
			buildSettings = {
				ALWAYS_SEARCH_USER_PATHS = NO;
				CLANG_ANALYZER_NONNULL = YES;
				CLANG_ANALYZER_NUMBER_OBJECT_CONVERSION = YES_AGGRESSIVE;
				CLANG_CXX_LANGUAGE_STANDARD = "gnu++14";
				CLANG_CXX_LIBRARY = "libc++";
				CLANG_ENABLE_MODULES = YES;
				CLANG_ENABLE_OBJC_ARC = YES;
				CLANG_ENABLE_OBJC_WEAK = YES;
				CLANG_WARN_BLOCK_CAPTURE_AUTORELEASING = YES;
				CLANG_WARN_BOOL_CONVERSION = YES;
				CLANG_WARN_COMMA = YES;
				CLANG_WARN_CONSTANT_CONVERSION = YES;
				CLANG_WARN_DEPRECATED_OBJC_IMPLEMENTATIONS = YES;
				CLANG_WARN_DIRECT_OBJC_ISA_USAGE = YES_ERROR;
				CLANG_WARN_DOCUMENTATION_COMMENTS = YES;
				CLANG_WARN_EMPTY_BODY = YES;
				CLANG_WARN_ENUM_CONVERSION = YES;
				CLANG_WARN_INFINITE_RECURSION = YES;
				CLANG_WARN_INT_CONVERSION = YES;
				CLANG_WARN_NON_LITERAL_NULL_CONVERSION = YES;
				CLANG_WARN_OBJC_IMPLICIT_RETAIN_SELF = YES;
				CLANG_WARN_OBJC_LITERAL_CONVERSION = YES;
				CLANG_WARN_OBJC_ROOT_CLASS = YES_ERROR;
				CLANG_WARN_RANGE_LOOP_ANALYSIS = YES;
				CLANG_WARN_STRICT_PROTOTYPES = YES;
				CLANG_WARN_SUSPICIOUS_MOVE = YES;
				CLANG_WARN_UNGUARDED_AVAILABILITY = YES_AGGRESSIVE;
				CLANG_WARN_UNREACHABLE_CODE = YES;
				CLANG_WARN__DUPLICATE_METHOD_MATCH = YES;
				COPY_PHASE_STRIP = NO;
				DEBUG_INFORMATION_FORMAT = "dwarf-with-dsym";
				ENABLE_NS_ASSERTIONS = NO;
				ENABLE_STRICT_OBJC_MSGSEND = YES;
				GCC_C_LANGUAGE_STANDARD = gnu11;
				GCC_NO_COMMON_BLOCKS = YES;
				GCC_WARN_64_TO_32_BIT_CONVERSION = YES;
				GCC_WARN_ABOUT_RETURN_TYPE = YES_ERROR;
				GCC_WARN_UNDECLARED_SELECTOR = YES;
				GCC_WARN_UNINITIALIZED_AUTOS = YES_AGGRESSIVE;
				GCC_WARN_UNUSED_FUNCTION = YES;
				GCC_WARN_UNUSED_VARIABLE = YES;
				IPHONEOS_DEPLOYMENT_TARGET = 13.4;
				MTL_ENABLE_DEBUG_INFO = NO;
				MTL_FAST_MATH = YES;
				SDKROOT = iphoneos;
				SWIFT_COMPILATION_MODE = wholemodule;
				SWIFT_OPTIMIZATION_LEVEL = "-O";
				VALIDATE_PRODUCT = YES;
			};
			name = Release;
		};
		045F473624343A4F008D39B8 /* Debug */ = {
			isa = XCBuildConfiguration;
			buildSettings = {
				ASSETCATALOG_COMPILER_APPICON_NAME = AppIcon;
				CODE_SIGN_STYLE = Automatic;
				DEVELOPMENT_TEAM = N3P8URX7UV;
				INFOPLIST_FILE = Twittermenti/Info.plist;
				LD_RUNPATH_SEARCH_PATHS = (
					"$(inherited)",
					"@executable_path/Frameworks",
				);
				PRODUCT_BUNDLE_IDENTIFIER = com.productions.fritzgt.Twittermenti;
				PRODUCT_NAME = "$(TARGET_NAME)";
				SWIFT_VERSION = 5.0;
				TARGETED_DEVICE_FAMILY = "1,2";
			};
			name = Debug;
		};
		045F473724343A4F008D39B8 /* Release */ = {
			isa = XCBuildConfiguration;
			buildSettings = {
				ASSETCATALOG_COMPILER_APPICON_NAME = AppIcon;
				CODE_SIGN_STYLE = Automatic;
				DEVELOPMENT_TEAM = N3P8URX7UV;
				INFOPLIST_FILE = Twittermenti/Info.plist;
				LD_RUNPATH_SEARCH_PATHS = (
					"$(inherited)",
					"@executable_path/Frameworks",
				);
				PRODUCT_BUNDLE_IDENTIFIER = com.productions.fritzgt.Twittermenti;
				PRODUCT_NAME = "$(TARGET_NAME)";
				SWIFT_VERSION = 5.0;
				TARGETED_DEVICE_FAMILY = "1,2";
			};
			name = Release;
		};
/* End XCBuildConfiguration section */

/* Begin XCConfigurationList section */
		045F471C24343A46008D39B8 /* Build configuration list for PBXProject "Twittermenti" */ = {
			isa = XCConfigurationList;
			buildConfigurations = (
				045F473324343A4F008D39B8 /* Debug */,
				045F473424343A4F008D39B8 /* Release */,
			);
			defaultConfigurationIsVisible = 0;
			defaultConfigurationName = Release;
		};
		045F473524343A4F008D39B8 /* Build configuration list for PBXNativeTarget "Twittermenti" */ = {
			isa = XCConfigurationList;
			buildConfigurations = (
				045F473624343A4F008D39B8 /* Debug */,
				045F473724343A4F008D39B8 /* Release */,
			);
			defaultConfigurationIsVisible = 0;
			defaultConfigurationName = Release;
		};
/* End XCConfigurationList section */
	};
	rootObject = 045F471924343A46008D39B8 /* Project object */;
}
